
Microsoft Visual Studio Solution File, Format Version 12.00
# Visual Studio Version 16
VisualStudioVersion = 16.0.30621.155
MinimumVisualStudioVersion = 10.0.40219.1
Project("{FAE04EC0-301F-11D3-BF4B-00C04F79EFBC}") = "Pigfly_admin", "Pigfly_admin\Pigfly_admin.csproj", "{04D7A2F0-EB83-45B7-B0C3-4169378A7047}"
EndProject
Project("{FAE04EC0-301F-11D3-BF4B-00C04F79EFBC}") = "Admin_Model", "Admin_Model\Admin_Model.csproj", "{A292E832-B2F0-4E53-825A-55A6B5FA003B}"
EndProject
Project("{FAE04EC0-301F-11D3-BF4B-00C04F79EFBC}") = "Admin_DAL", "Admin_DAL\Admin_DAL.csproj", "{7381F70F-F52D-407D-92D9-03684E27E05A}"
EndProject
Project("{FAE04EC0-301F-11D3-BF4B-00C04F79EFBC}") = "Admin_BLL", "Admin_BLL\Admin_BLL.csproj", "{FFE674A6-AFD3-41B4-91D4-33D6CFEDA602}"
EndProject
Project("{FAE04EC0-301F-11D3-BF4B-00C04F79EFBC}") = "pigfly_admin.Ms.Common", "igfly_admin.Ms.Common\pigfly_admin.Ms.Common.csproj", "{869434F3-879C-41EB-808D-2DA89C14AC7D}"
EndProject
Global
	GlobalSection(SolutionConfigurationPlatforms) = preSolution
		Debug|Any CPU = Debug|Any CPU
		Release|Any CPU = Release|Any CPU
	EndGlobalSection
	GlobalSection(ProjectConfigurationPlatforms) = postSolution
		{04D7A2F0-EB83-45B7-B0C3-4169378A7047}.Debug|Any CPU.ActiveCfg = Debug|Any CPU
		{04D7A2F0-EB83-45B7-B0C3-4169378A7047}.Debug|Any CPU.Build.0 = Debug|Any CPU
		{04D7A2F0-EB83-45B7-B0C3-4169378A7047}.Release|Any CPU.ActiveCfg = Release|Any CPU
		{04D7A2F0-EB83-45B7-B0C3-4169378A7047}.Release|Any CPU.Build.0 = Release|Any CPU
		{A292E832-B2F0-4E53-825A-55A6B5FA003B}.Debug|Any CPU.ActiveCfg = Debug|Any CPU
		{A292E832-B2F0-4E53-825A-55A6B5FA003B}.Debug|Any CPU.Build.0 = Debug|Any CPU
		{A292E832-B2F0-4E53-825A-55A6B5FA003B}.Release|Any CPU.ActiveCfg = Release|Any CPU
		{A292E832-B2F0-4E53-825A-55A6B5FA003B}.Release|Any CPU.Build.0 = Release|Any CPU
		{7381F70F-F52D-407D-92D9-03684E27E05A}.Debug|Any CPU.ActiveCfg = Debug|Any CPU
		{7381F70F-F52D-407D-92D9-03684E27E05A}.Debug|Any CPU.Build.0 = Debug|Any CPU
		{7381F70F-F52D-407D-92D9-03684E27E05A}.Release|Any CPU.ActiveCfg = Release|Any CPU
		{7381F70F-F52D-407D-92D9-03684E27E05A}.Release|Any CPU.Build.0 = Release|Any CPU
		{FFE674A6-AFD3-41B4-91D4-33D6CFEDA602}.Debug|Any CPU.ActiveCfg = Debug|Any CPU
		{FFE674A6-AFD3-41B4-91D4-33D6CFEDA602}.Debug|Any CPU.Build.0 = Debug|Any CPU
		{FFE674A6-AFD3-41B4-91D4-33D6CFEDA602}.Release|Any CPU.ActiveCfg = Release|Any CPU
		{FFE674A6-AFD3-41B4-91D4-33D6CFEDA602}.Release|Any CPU.Build.0 = Release|Any CPU
		{869434F3-879C-41EB-808D-2DA89C14AC7D}.Debug|Any CPU.ActiveCfg = Debug|Any CPU
		{869434F3-879C-41EB-808D-2DA89C14AC7D}.Debug|Any CPU.Build.0 = Debug|Any CPU
		{869434F3-879C-41EB-808D-2DA89C14AC7D}.Release|Any CPU.ActiveCfg = Release|Any CPU
		{869434F3-879C-41EB-808D-2DA89C14AC7D}.Release|Any CPU.Build.0 = Release|Any CPU
	EndGlobalSection
	GlobalSection(SolutionProperties) = preSolution
		HideSolutionNode = FALSE
	EndGlobalSection
	GlobalSection(ExtensibilityGlobals) = postSolution
		SolutionGuid = {3CE94B87-CDCA-445B-BCA7-81B868108C41}
	EndGlobalSection
EndGlobal
